
Microsoft Visual Studio Solution File, Format Version 12.00
# Visual Studio Version 17
VisualStudioVersion = 17.8.34408.163
MinimumVisualStudioVersion = 10.0.40219.1
Project("{FAE04EC0-301F-11D3-BF4B-00C04F79EFBC}") = "modul6_1302220022", "modul6_1302220022\modul6_1302220022.csproj", "{1571B7E4-4F68-4270-8584-3BF9CFCD137F}"
EndProject
Global
	GlobalSection(SolutionConfigurationPlatforms) = preSolution
		Debug|Any CPU = Debug|Any CPU
		Release|Any CPU = Release|Any CPU
	EndGlobalSection
	GlobalSection(ProjectConfigurationPlatforms) = postSolution
		{1571B7E4-4F68-4270-8584-3BF9CFCD137F}.Debug|Any CPU.ActiveCfg = Debug|Any CPU
		{1571B7E4-4F68-4270-8584-3BF9CFCD137F}.Debug|Any CPU.Build.0 = Debug|Any CPU
		{1571B7E4-4F68-4270-8584-3BF9CFCD137F}.Release|Any CPU.ActiveCfg = Release|Any CPU
		{1571B7E4-4F68-4270-8584-3BF9CFCD137F}.Release|Any CPU.Build.0 = Release|Any CPU
	EndGlobalSection
	GlobalSection(SolutionProperties) = preSolution
		HideSolutionNode = FALSE
	EndGlobalSection
	GlobalSection(ExtensibilityGlobals) = postSolution
		SolutionGuid = {362EE4FE-5A75-4B04-BE53-ABE94095A5E7}
	EndGlobalSection
EndGlobal
